// !$*UTF8*$!
{
	archiveVersion = 1;
	classes = {
	};
	objectVersion = 46;
	objects = {

/* Begin PBXBuildFile section */
		C6AC985318F234F500CCF79C /* Foundation.framework in Frameworks */ = {isa = PBXBuildFile; fileRef = C6AC985218F234F500CCF79C /* Foundation.framework */; };
		C6AC985518F234F500CCF79C /* CoreGraphics.framework in Frameworks */ = {isa = PBXBuildFile; fileRef = C6AC985418F234F500CCF79C /* CoreGraphics.framework */; };
		C6AC985718F234F500CCF79C /* UIKit.framework in Frameworks */ = {isa = PBXBuildFile; fileRef = C6AC985618F234F500CCF79C /* UIKit.framework */; };
		C6AC985D18F234F500CCF79C /* InfoPlist.strings in Resources */ = {isa = PBXBuildFile; fileRef = C6AC985B18F234F500CCF79C /* InfoPlist.strings */; };
		C6AC985F18F234F500CCF79C /* main.m in Sources */ = {isa = PBXBuildFile; fileRef = C6AC985E18F234F500CCF79C /* main.m */; };
		C6AC986318F234F500CCF79C /* AppDelegate.m in Sources */ = {isa = PBXBuildFile; fileRef = C6AC986218F234F500CCF79C /* AppDelegate.m */; };
		C6AC986518F234F500CCF79C /* Images.xcassets in Resources */ = {isa = PBXBuildFile; fileRef = C6AC986418F234F500CCF79C /* Images.xcassets */; };
		C6AC986C18F234F500CCF79C /* XCTest.framework in Frameworks */ = {isa = PBXBuildFile; fileRef = C6AC986B18F234F500CCF79C /* XCTest.framework */; };
		C6AC986D18F234F500CCF79C /* Foundation.framework in Frameworks */ = {isa = PBXBuildFile; fileRef = C6AC985218F234F500CCF79C /* Foundation.framework */; };
		C6AC986E18F234F500CCF79C /* UIKit.framework in Frameworks */ = {isa = PBXBuildFile; fileRef = C6AC985618F234F500CCF79C /* UIKit.framework */; };
		C6AC987618F234F500CCF79C /* InfoPlist.strings in Resources */ = {isa = PBXBuildFile; fileRef = C6AC987418F234F500CCF79C /* InfoPlist.strings */; };
		C6AC987818F234F500CCF79C /* KIMREETests.m in Sources */ = {isa = PBXBuildFile; fileRef = C6AC987718F234F500CCF79C /* KIMREETests.m */; };
		C6AC988418F27FAC00CCF79C /* EScrollerView.m in Sources */ = {isa = PBXBuildFile; fileRef = C6AC988318F27FAC00CCF79C /* EScrollerView.m */; };
		C6AC988D18F2808900CCF79C /* MainViewController.m in Sources */ = {isa = PBXBuildFile; fileRef = C6AC988B18F2808900CCF79C /* MainViewController.m */; };
		C6AC988E18F2808900CCF79C /* MainViewController.xib in Resources */ = {isa = PBXBuildFile; fileRef = C6AC988C18F2808900CCF79C /* MainViewController.xib */; };
		C6AC989218F280D000CCF79C /* 1.jpg in Resources */ = {isa = PBXBuildFile; fileRef = C6AC988F18F280D000CCF79C /* 1.jpg */; };
		C6AC989318F280D000CCF79C /* 2.jpg in Resources */ = {isa = PBXBuildFile; fileRef = C6AC989018F280D000CCF79C /* 2.jpg */; };
		C6AC989418F280D000CCF79C /* 3.jpg in Resources */ = {isa = PBXBuildFile; fileRef = C6AC989118F280D000CCF79C /* 3.jpg */; };
		C6AC98E018F2AD0800CCF79C /* books.plist in Resources */ = {isa = PBXBuildFile; fileRef = C6AC98DF18F2AD0800CCF79C /* books.plist */; };
		C6E573EF18F3A3D0008DFA54 /* pinyin.c in Sources */ = {isa = PBXBuildFile; fileRef = C6E573ED18F3A3D0008DFA54 /* pinyin.c */; };
		C6E573F818F3A688008DFA54 /* SystemHelper.m in Sources */ = {isa = PBXBuildFile; fileRef = C6E573F518F3A688008DFA54 /* SystemHelper.m */; };
		C6E573F918F3A688008DFA54 /* DateTimeHelper.m in Sources */ = {isa = PBXBuildFile; fileRef = C6E573F718F3A688008DFA54 /* DateTimeHelper.m */; };
		C6E573FD18F3A6BE008DFA54 /* NSString+JiRui.m in Sources */ = {isa = PBXBuildFile; fileRef = C6E573FC18F3A6BE008DFA54 /* NSString+JiRui.m */; };
		C6E5740518F3A6F4008DFA54 /* JDStatusBarNotification.m in Sources */ = {isa = PBXBuildFile; fileRef = C6E5740018F3A6F4008DFA54 /* JDStatusBarNotification.m */; };
		C6E5740618F3A6F4008DFA54 /* JDStatusBarStyle.m in Sources */ = {isa = PBXBuildFile; fileRef = C6E5740218F3A6F4008DFA54 /* JDStatusBarStyle.m */; };
		C6E5740718F3A6F4008DFA54 /* JDStatusBarView.m in Sources */ = {isa = PBXBuildFile; fileRef = C6E5740418F3A6F4008DFA54 /* JDStatusBarView.m */; };
/* End PBXBuildFile section */

/* Begin PBXContainerItemProxy section */
		C6AC986F18F234F500CCF79C /* PBXContainerItemProxy */ = {
			isa = PBXContainerItemProxy;
			containerPortal = C6AC984718F234F500CCF79C /* Project object */;
			proxyType = 1;
			remoteGlobalIDString = C6AC984E18F234F500CCF79C;
			remoteInfo = KIMREE;
		};
/* End PBXContainerItemProxy section */

/* Begin PBXFileReference section */
		C6AC984F18F234F500CCF79C /* KIMREE.app */ = {isa = PBXFileReference; explicitFileType = wrapper.application; includeInIndex = 0; path = KIMREE.app; sourceTree = BUILT_PRODUCTS_DIR; };
		C6AC985218F234F500CCF79C /* Foundation.framework */ = {isa = PBXFileReference; lastKnownFileType = wrapper.framework; name = Foundation.framework; path = System/Library/Frameworks/Foundation.framework; sourceTree = SDKROOT; };
		C6AC985418F234F500CCF79C /* CoreGraphics.framework */ = {isa = PBXFileReference; lastKnownFileType = wrapper.framework; name = CoreGraphics.framework; path = System/Library/Frameworks/CoreGraphics.framework; sourceTree = SDKROOT; };
		C6AC985618F234F500CCF79C /* UIKit.framework */ = {isa = PBXFileReference; lastKnownFileType = wrapper.framework; name = UIKit.framework; path = System/Library/Frameworks/UIKit.framework; sourceTree = SDKROOT; };
		C6AC985A18F234F500CCF79C /* KIMREE-Info.plist */ = {isa = PBXFileReference; lastKnownFileType = text.plist.xml; path = "KIMREE-Info.plist"; sourceTree = "<group>"; };
		C6AC985C18F234F500CCF79C /* en */ = {isa = PBXFileReference; lastKnownFileType = text.plist.strings; name = en; path = en.lproj/InfoPlist.strings; sourceTree = "<group>"; };
		C6AC985E18F234F500CCF79C /* main.m */ = {isa = PBXFileReference; lastKnownFileType = sourcecode.c.objc; path = main.m; sourceTree = "<group>"; };
		C6AC986018F234F500CCF79C /* KIMREE-Prefix.pch */ = {isa = PBXFileReference; lastKnownFileType = sourcecode.c.h; path = "KIMREE-Prefix.pch"; sourceTree = "<group>"; };
		C6AC986118F234F500CCF79C /* AppDelegate.h */ = {isa = PBXFileReference; lastKnownFileType = sourcecode.c.h; path = AppDelegate.h; sourceTree = "<group>"; };
		C6AC986218F234F500CCF79C /* AppDelegate.m */ = {isa = PBXFileReference; lastKnownFileType = sourcecode.c.objc; path = AppDelegate.m; sourceTree = "<group>"; };
		C6AC986418F234F500CCF79C /* Images.xcassets */ = {isa = PBXFileReference; lastKnownFileType = folder.assetcatalog; path = Images.xcassets; sourceTree = "<group>"; };
		C6AC986A18F234F500CCF79C /* KIMREETests.xctest */ = {isa = PBXFileReference; explicitFileType = wrapper.cfbundle; includeInIndex = 0; path = KIMREETests.xctest; sourceTree = BUILT_PRODUCTS_DIR; };
		C6AC986B18F234F500CCF79C /* XCTest.framework */ = {isa = PBXFileReference; lastKnownFileType = wrapper.framework; name = XCTest.framework; path = Library/Frameworks/XCTest.framework; sourceTree = DEVELOPER_DIR; };
		C6AC987318F234F500CCF79C /* KIMREETests-Info.plist */ = {isa = PBXFileReference; lastKnownFileType = text.plist.xml; path = "KIMREETests-Info.plist"; sourceTree = "<group>"; };
		C6AC987518F234F500CCF79C /* en */ = {isa = PBXFileReference; lastKnownFileType = text.plist.strings; name = en; path = en.lproj/InfoPlist.strings; sourceTree = "<group>"; };
		C6AC987718F234F500CCF79C /* KIMREETests.m */ = {isa = PBXFileReference; lastKnownFileType = sourcecode.c.objc; path = KIMREETests.m; sourceTree = "<group>"; };
		C6AC988218F27FAC00CCF79C /* EScrollerView.h */ = {isa = PBXFileReference; fileEncoding = 4; lastKnownFileType = sourcecode.c.h; path = EScrollerView.h; sourceTree = "<group>"; };
		C6AC988318F27FAC00CCF79C /* EScrollerView.m */ = {isa = PBXFileReference; fileEncoding = 4; lastKnownFileType = sourcecode.c.objc; path = EScrollerView.m; sourceTree = "<group>"; };
		C6AC988A18F2808900CCF79C /* MainViewController.h */ = {isa = PBXFileReference; fileEncoding = 4; lastKnownFileType = sourcecode.c.h; path = MainViewController.h; sourceTree = "<group>"; };
		C6AC988B18F2808900CCF79C /* MainViewController.m */ = {isa = PBXFileReference; fileEncoding = 4; lastKnownFileType = sourcecode.c.objc; path = MainViewController.m; sourceTree = "<group>"; };
		C6AC988C18F2808900CCF79C /* MainViewController.xib */ = {isa = PBXFileReference; fileEncoding = 4; lastKnownFileType = file.xib; path = MainViewController.xib; sourceTree = "<group>"; };
		C6AC988F18F280D000CCF79C /* 1.jpg */ = {isa = PBXFileReference; lastKnownFileType = image.jpeg; path = 1.jpg; sourceTree = "<group>"; };
		C6AC989018F280D000CCF79C /* 2.jpg */ = {isa = PBXFileReference; lastKnownFileType = image.jpeg; path = 2.jpg; sourceTree = "<group>"; };
		C6AC989118F280D000CCF79C /* 3.jpg */ = {isa = PBXFileReference; lastKnownFileType = image.jpeg; path = 3.jpg; sourceTree = "<group>"; };
		C6AC98DF18F2AD0800CCF79C /* books.plist */ = {isa = PBXFileReference; fileEncoding = 4; lastKnownFileType = text.plist.xml; path = books.plist; sourceTree = "<group>"; };
		C6E573ED18F3A3D0008DFA54 /* pinyin.c */ = {isa = PBXFileReference; fileEncoding = 4; lastKnownFileType = sourcecode.c.c; path = pinyin.c; sourceTree = "<group>"; };
		C6E573EE18F3A3D0008DFA54 /* pinyin.h */ = {isa = PBXFileReference; fileEncoding = 4; lastKnownFileType = sourcecode.c.h; path = pinyin.h; sourceTree = "<group>"; };
		C6E573F318F3A688008DFA54 /* JRTool.h */ = {isa = PBXFileReference; fileEncoding = 4; lastKnownFileType = sourcecode.c.h; path = JRTool.h; sourceTree = "<group>"; };
		C6E573F418F3A688008DFA54 /* SystemHelper.h */ = {isa = PBXFileReference; fileEncoding = 4; lastKnownFileType = sourcecode.c.h; path = SystemHelper.h; sourceTree = "<group>"; };
		C6E573F518F3A688008DFA54 /* SystemHelper.m */ = {isa = PBXFileReference; fileEncoding = 4; lastKnownFileType = sourcecode.c.objc; path = SystemHelper.m; sourceTree = "<group>"; };
		C6E573F618F3A688008DFA54 /* DateTimeHelper.h */ = {isa = PBXFileReference; fileEncoding = 4; lastKnownFileType = sourcecode.c.h; path = DateTimeHelper.h; sourceTree = "<group>"; };
		C6E573F718F3A688008DFA54 /* DateTimeHelper.m */ = {isa = PBXFileReference; fileEncoding = 4; lastKnownFileType = sourcecode.c.objc; path = DateTimeHelper.m; sourceTree = "<group>"; };
		C6E573FA18F3A6BE008DFA54 /* JRFundation.h */ = {isa = PBXFileReference; fileEncoding = 4; lastKnownFileType = sourcecode.c.h; path = JRFundation.h; sourceTree = "<group>"; };
		C6E573FB18F3A6BE008DFA54 /* NSString+JiRui.h */ = {isa = PBXFileReference; fileEncoding = 4; lastKnownFileType = sourcecode.c.h; path = "NSString+JiRui.h"; sourceTree = "<group>"; };
		C6E573FC18F3A6BE008DFA54 /* NSString+JiRui.m */ = {isa = PBXFileReference; fileEncoding = 4; lastKnownFileType = sourcecode.c.objc; path = "NSString+JiRui.m"; sourceTree = "<group>"; };
		C6E573FF18F3A6F4008DFA54 /* JDStatusBarNotification.h */ = {isa = PBXFileReference; fileEncoding = 4; lastKnownFileType = sourcecode.c.h; path = JDStatusBarNotification.h; sourceTree = "<group>"; };
		C6E5740018F3A6F4008DFA54 /* JDStatusBarNotification.m */ = {isa = PBXFileReference; fileEncoding = 4; lastKnownFileType = sourcecode.c.objc; path = JDStatusBarNotification.m; sourceTree = "<group>"; };
		C6E5740118F3A6F4008DFA54 /* JDStatusBarStyle.h */ = {isa = PBXFileReference; fileEncoding = 4; lastKnownFileType = sourcecode.c.h; path = JDStatusBarStyle.h; sourceTree = "<group>"; };
		C6E5740218F3A6F4008DFA54 /* JDStatusBarStyle.m */ = {isa = PBXFileReference; fileEncoding = 4; lastKnownFileType = sourcecode.c.objc; path = JDStatusBarStyle.m; sourceTree = "<group>"; };
		C6E5740318F3A6F4008DFA54 /* JDStatusBarView.h */ = {isa = PBXFileReference; fileEncoding = 4; lastKnownFileType = sourcecode.c.h; path = JDStatusBarView.h; sourceTree = "<group>"; };
		C6E5740418F3A6F4008DFA54 /* JDStatusBarView.m */ = {isa = PBXFileReference; fileEncoding = 4; lastKnownFileType = sourcecode.c.objc; path = JDStatusBarView.m; sourceTree = "<group>"; };
		C6E5740918F3AB89008DFA54 /* Header.h */ = {isa = PBXFileReference; fileEncoding = 4; lastKnownFileType = sourcecode.c.h; path = Header.h; sourceTree = "<group>"; };
		C6E5740A18F3AB89008DFA54 /* ApiDef.h */ = {isa = PBXFileReference; fileEncoding = 4; lastKnownFileType = sourcecode.c.h; path = ApiDef.h; sourceTree = "<group>"; };
		C6E5740B18F3AB89008DFA54 /* Config.h */ = {isa = PBXFileReference; fileEncoding = 4; lastKnownFileType = sourcecode.c.h; path = Config.h; sourceTree = "<group>"; };
		C6E5740C18F3AB89008DFA54 /* FontDef.h */ = {isa = PBXFileReference; fileEncoding = 4; lastKnownFileType = sourcecode.c.h; path = FontDef.h; sourceTree = "<group>"; };
		C6E5740D18F3AB89008DFA54 /* ColorDef.h */ = {isa = PBXFileReference; fileEncoding = 4; lastKnownFileType = sourcecode.c.h; path = ColorDef.h; sourceTree = "<group>"; };
		C6E5740E18F3AB89008DFA54 /* ShortcutDef.h */ = {isa = PBXFileReference; fileEncoding = 4; lastKnownFileType = sourcecode.c.h; path = ShortcutDef.h; sourceTree = "<group>"; };
		C6E5740F18F3AB89008DFA54 /* FunctionDef.h */ = {isa = PBXFileReference; fileEncoding = 4; lastKnownFileType = sourcecode.c.h; path = FunctionDef.h; sourceTree = "<group>"; };
		C6E5741018F3AB89008DFA54 /* ConstantDef.h */ = {isa = PBXFileReference; fileEncoding = 4; lastKnownFileType = sourcecode.c.h; path = ConstantDef.h; sourceTree = "<group>"; };
		C6E5741118F3AB89008DFA54 /* UserDefaultsKeyDef.h */ = {isa = PBXFileReference; fileEncoding = 4; lastKnownFileType = sourcecode.c.h; path = UserDefaultsKeyDef.h; sourceTree = "<group>"; };
		C6E5741218F3AB89008DFA54 /* NotificationNameDef.h */ = {isa = PBXFileReference; fileEncoding = 4; lastKnownFileType = sourcecode.c.h; path = NotificationNameDef.h; sourceTree = "<group>"; };
		C6E5741318F3AB89008DFA54 /* ErrorCodeDef.h */ = {isa = PBXFileReference; fileEncoding = 4; lastKnownFileType = sourcecode.c.h; path = ErrorCodeDef.h; sourceTree = "<group>"; };
/* End PBXFileReference section */

/* Begin PBXFrameworksBuildPhase section */
		C6AC984C18F234F500CCF79C /* Frameworks */ = {
			isa = PBXFrameworksBuildPhase;
			buildActionMask = 2147483647;
			files = (
				C6AC985518F234F500CCF79C /* CoreGraphics.framework in Frameworks */,
				C6AC985718F234F500CCF79C /* UIKit.framework in Frameworks */,
				C6AC985318F234F500CCF79C /* Foundation.framework in Frameworks */,
			);
			runOnlyForDeploymentPostprocessing = 0;
		};
		C6AC986718F234F500CCF79C /* Frameworks */ = {
			isa = PBXFrameworksBuildPhase;
			buildActionMask = 2147483647;
			files = (
				C6AC986C18F234F500CCF79C /* XCTest.framework in Frameworks */,
				C6AC986E18F234F500CCF79C /* UIKit.framework in Frameworks */,
				C6AC986D18F234F500CCF79C /* Foundation.framework in Frameworks */,
			);
			runOnlyForDeploymentPostprocessing = 0;
		};
/* End PBXFrameworksBuildPhase section */

/* Begin PBXGroup section */
		C6AC984618F234F500CCF79C = {
			isa = PBXGroup;
			children = (
				C6AC985818F234F500CCF79C /* KIMREE */,
				C6AC987118F234F500CCF79C /* KIMREETests */,
				C6AC985118F234F500CCF79C /* Frameworks */,
				C6AC985018F234F500CCF79C /* Products */,
			);
			sourceTree = "<group>";
		};
		C6AC985018F234F500CCF79C /* Products */ = {
			isa = PBXGroup;
			children = (
				C6AC984F18F234F500CCF79C /* KIMREE.app */,
				C6AC986A18F234F500CCF79C /* KIMREETests.xctest */,
			);
			name = Products;
			sourceTree = "<group>";
		};
		C6AC985118F234F500CCF79C /* Frameworks */ = {
			isa = PBXGroup;
			children = (
				C6AC985218F234F500CCF79C /* Foundation.framework */,
				C6AC985418F234F500CCF79C /* CoreGraphics.framework */,
				C6AC985618F234F500CCF79C /* UIKit.framework */,
				C6AC986B18F234F500CCF79C /* XCTest.framework */,
			);
			name = Frameworks;
			sourceTree = "<group>";
		};
		C6AC985818F234F500CCF79C /* KIMREE */ = {
			isa = PBXGroup;
			children = (
				C6AC986118F234F500CCF79C /* AppDelegate.h */,
				C6AC986218F234F500CCF79C /* AppDelegate.m */,
				C6AC98D018F2A2B900CCF79C /* RootViewController */,
				C6E5740818F3AB76008DFA54 /* headers */,
				C6E573FE18F3A6D7008DFA54 /* JDStatusBarNotification */,
				C6E573EC18F3A3C4008DFA54 /* Pinyin */,
				C6E573E718F3A368008DFA54 /* JRFundation */,
				C6E573DF18F3A239008DFA54 /* JRTool */,
				C6AC988118F25A4A00CCF79C /* EScrollerView */,
				C6AC985918F234F500CCF79C /* Supporting Files */,
			);
			path = KIMREE;
			sourceTree = "<group>";
		};
		C6AC985918F234F500CCF79C /* Supporting Files */ = {
			isa = PBXGroup;
			children = (
				C6AC986418F234F500CCF79C /* Images.xcassets */,
				C6AC98D118F2A3CB00CCF79C /* NewsPicture */,
				C6AC985A18F234F500CCF79C /* KIMREE-Info.plist */,
				C6AC985B18F234F500CCF79C /* InfoPlist.strings */,
				C6AC985E18F234F500CCF79C /* main.m */,
				C6AC986018F234F500CCF79C /* KIMREE-Prefix.pch */,
				C6AC98DF18F2AD0800CCF79C /* books.plist */,
			);
			name = "Supporting Files";
			sourceTree = "<group>";
		};
		C6AC987118F234F500CCF79C /* KIMREETests */ = {
			isa = PBXGroup;
			children = (
				C6AC987718F234F500CCF79C /* KIMREETests.m */,
				C6AC987218F234F500CCF79C /* Supporting Files */,
			);
			path = KIMREETests;
			sourceTree = "<group>";
		};
		C6AC987218F234F500CCF79C /* Supporting Files */ = {
			isa = PBXGroup;
			children = (
				C6AC987318F234F500CCF79C /* KIMREETests-Info.plist */,
				C6AC987418F234F500CCF79C /* InfoPlist.strings */,
			);
			name = "Supporting Files";
			sourceTree = "<group>";
		};
		C6AC988118F25A4A00CCF79C /* EScrollerView */ = {
			isa = PBXGroup;
			children = (
				C6AC988218F27FAC00CCF79C /* EScrollerView.h */,
				C6AC988318F27FAC00CCF79C /* EScrollerView.m */,
			);
			name = EScrollerView;
			sourceTree = "<group>";
		};
		C6AC98D018F2A2B900CCF79C /* RootViewController */ = {
			isa = PBXGroup;
			children = (
				C6AC988A18F2808900CCF79C /* MainViewController.h */,
				C6AC988B18F2808900CCF79C /* MainViewController.m */,
				C6AC988C18F2808900CCF79C /* MainViewController.xib */,
			);
			name = RootViewController;
			sourceTree = "<group>";
		};
		C6AC98D118F2A3CB00CCF79C /* NewsPicture */ = {
			isa = PBXGroup;
			children = (
				C6AC988F18F280D000CCF79C /* 1.jpg */,
				C6AC989018F280D000CCF79C /* 2.jpg */,
				C6AC989118F280D000CCF79C /* 3.jpg */,
			);
			name = NewsPicture;
			sourceTree = "<group>";
		};
		C6E573DF18F3A239008DFA54 /* JRTool */ = {
			isa = PBXGroup;
			children = (
				C6E573F318F3A688008DFA54 /* JRTool.h */,
				C6E573F418F3A688008DFA54 /* SystemHelper.h */,
				C6E573F518F3A688008DFA54 /* SystemHelper.m */,
				C6E573F618F3A688008DFA54 /* DateTimeHelper.h */,
				C6E573F718F3A688008DFA54 /* DateTimeHelper.m */,
			);
			name = JRTool;
			sourceTree = "<group>";
		};
		C6E573E718F3A368008DFA54 /* JRFundation */ = {
			isa = PBXGroup;
			children = (
				C6E573FA18F3A6BE008DFA54 /* JRFundation.h */,
				C6E573FB18F3A6BE008DFA54 /* NSString+JiRui.h */,
				C6E573FC18F3A6BE008DFA54 /* NSString+JiRui.m */,
			);
			name = JRFundation;
			sourceTree = "<group>";
		};
		C6E573EC18F3A3C4008DFA54 /* Pinyin */ = {
			isa = PBXGroup;
			children = (
				C6E573ED18F3A3D0008DFA54 /* pinyin.c */,
				C6E573EE18F3A3D0008DFA54 /* pinyin.h */,
			);
			name = Pinyin;
			sourceTree = "<group>";
		};
		C6E573FE18F3A6D7008DFA54 /* JDStatusBarNotification */ = {
			isa = PBXGroup;
			children = (
				C6E573FF18F3A6F4008DFA54 /* JDStatusBarNotification.h */,
				C6E5740018F3A6F4008DFA54 /* JDStatusBarNotification.m */,
				C6E5740118F3A6F4008DFA54 /* JDStatusBarStyle.h */,
				C6E5740218F3A6F4008DFA54 /* JDStatusBarStyle.m */,
				C6E5740318F3A6F4008DFA54 /* JDStatusBarView.h */,
				C6E5740418F3A6F4008DFA54 /* JDStatusBarView.m */,
			);
			name = JDStatusBarNotification;
			sourceTree = "<group>";
		};
		C6E5740818F3AB76008DFA54 /* headers */ = {
			isa = PBXGroup;
			children = (
				C6E5740918F3AB89008DFA54 /* Header.h */,
				C6E5740A18F3AB89008DFA54 /* ApiDef.h */,
				C6E5740B18F3AB89008DFA54 /* Config.h */,
				C6E5740C18F3AB89008DFA54 /* FontDef.h */,
				C6E5740D18F3AB89008DFA54 /* ColorDef.h */,
				C6E5740E18F3AB89008DFA54 /* ShortcutDef.h */,
				C6E5740F18F3AB89008DFA54 /* FunctionDef.h */,
				C6E5741018F3AB89008DFA54 /* ConstantDef.h */,
				C6E5741118F3AB89008DFA54 /* UserDefaultsKeyDef.h */,
				C6E5741218F3AB89008DFA54 /* NotificationNameDef.h */,
				C6E5741318F3AB89008DFA54 /* ErrorCodeDef.h */,
			);
			name = headers;
			sourceTree = "<group>";
		};
/* End PBXGroup section */

/* Begin PBXNativeTarget section */
		C6AC984E18F234F500CCF79C /* KIMREE */ = {
			isa = PBXNativeTarget;
			buildConfigurationList = C6AC987B18F234F500CCF79C /* Build configuration list for PBXNativeTarget "KIMREE" */;
			buildPhases = (
				C6AC984B18F234F500CCF79C /* Sources */,
				C6AC984C18F234F500CCF79C /* Frameworks */,
				C6AC984D18F234F500CCF79C /* Resources */,
			);
			buildRules = (
			);
			dependencies = (
			);
			name = KIMREE;
			productName = KIMREE;
			productReference = C6AC984F18F234F500CCF79C /* KIMREE.app */;
			productType = "com.apple.product-type.application";
		};
		C6AC986918F234F500CCF79C /* KIMREETests */ = {
			isa = PBXNativeTarget;
			buildConfigurationList = C6AC987E18F234F500CCF79C /* Build configuration list for PBXNativeTarget "KIMREETests" */;
			buildPhases = (
				C6AC986618F234F500CCF79C /* Sources */,
				C6AC986718F234F500CCF79C /* Frameworks */,
				C6AC986818F234F500CCF79C /* Resources */,
			);
			buildRules = (
			);
			dependencies = (
				C6AC987018F234F500CCF79C /* PBXTargetDependency */,
			);
			name = KIMREETests;
			productName = KIMREETests;
			productReference = C6AC986A18F234F500CCF79C /* KIMREETests.xctest */;
			productType = "com.apple.product-type.bundle.unit-test";
		};
/* End PBXNativeTarget section */

/* Begin PBXProject section */
		C6AC984718F234F500CCF79C /* Project object */ = {
			isa = PBXProject;
			attributes = {
				LastUpgradeCheck = 0510;
				ORGANIZATIONNAME = "___FULLUSERNAME___";
				TargetAttributes = {
					C6AC986918F234F500CCF79C = {
						TestTargetID = C6AC984E18F234F500CCF79C;
					};
				};
			};
			buildConfigurationList = C6AC984A18F234F500CCF79C /* Build configuration list for PBXProject "KIMREE" */;
			compatibilityVersion = "Xcode 3.2";
			developmentRegion = English;
			hasScannedForEncodings = 0;
			knownRegions = (
				en,
			);
			mainGroup = C6AC984618F234F500CCF79C;
			productRefGroup = C6AC985018F234F500CCF79C /* Products */;
			projectDirPath = "";
			projectRoot = "";
			targets = (
				C6AC984E18F234F500CCF79C /* KIMREE */,
				C6AC986918F234F500CCF79C /* KIMREETests */,
			);
		};
/* End PBXProject section */

/* Begin PBXResourcesBuildPhase section */
		C6AC984D18F234F500CCF79C /* Resources */ = {
			isa = PBXResourcesBuildPhase;
			buildActionMask = 2147483647;
			files = (
				C6AC985D18F234F500CCF79C /* InfoPlist.strings in Resources */,
				C6AC98E018F2AD0800CCF79C /* books.plist in Resources */,
				C6AC989218F280D000CCF79C /* 1.jpg in Resources */,
				C6AC989318F280D000CCF79C /* 2.jpg in Resources */,
				C6AC989418F280D000CCF79C /* 3.jpg in Resources */,
				C6AC988E18F2808900CCF79C /* MainViewController.xib in Resources */,
				C6AC986518F234F500CCF79C /* Images.xcassets in Resources */,
			);
			runOnlyForDeploymentPostprocessing = 0;
		};
		C6AC986818F234F500CCF79C /* Resources */ = {
			isa = PBXResourcesBuildPhase;
			buildActionMask = 2147483647;
			files = (
				C6AC987618F234F500CCF79C /* InfoPlist.strings in Resources */,
			);
			runOnlyForDeploymentPostprocessing = 0;
		};
/* End PBXResourcesBuildPhase section */

/* Begin PBXSourcesBuildPhase section */
		C6AC984B18F234F500CCF79C /* Sources */ = {
			isa = PBXSourcesBuildPhase;
			buildActionMask = 2147483647;
			files = (
				C6E573F918F3A688008DFA54 /* DateTimeHelper.m in Sources */,
				C6E5740518F3A6F4008DFA54 /* JDStatusBarNotification.m in Sources */,
				C6E573FD18F3A6BE008DFA54 /* NSString+JiRui.m in Sources */,
				C6E5740618F3A6F4008DFA54 /* JDStatusBarStyle.m in Sources */,
				C6E5740718F3A6F4008DFA54 /* JDStatusBarView.m in Sources */,
				C6E573EF18F3A3D0008DFA54 /* pinyin.c in Sources */,
				C6AC986318F234F500CCF79C /* AppDelegate.m in Sources */,
				C6AC985F18F234F500CCF79C /* main.m in Sources */,
				C6E573F818F3A688008DFA54 /* SystemHelper.m in Sources */,
				C6AC988418F27FAC00CCF79C /* EScrollerView.m in Sources */,
				C6AC988D18F2808900CCF79C /* MainViewController.m in Sources */,
			);
			runOnlyForDeploymentPostprocessing = 0;
		};
		C6AC986618F234F500CCF79C /* Sources */ = {
			isa = PBXSourcesBuildPhase;
			buildActionMask = 2147483647;
			files = (
				C6AC987818F234F500CCF79C /* KIMREETests.m in Sources */,
			);
			runOnlyForDeploymentPostprocessing = 0;
		};
/* End PBXSourcesBuildPhase section */

/* Begin PBXTargetDependency section */
		C6AC987018F234F500CCF79C /* PBXTargetDependency */ = {
			isa = PBXTargetDependency;
			target = C6AC984E18F234F500CCF79C /* KIMREE */;
			targetProxy = C6AC986F18F234F500CCF79C /* PBXContainerItemProxy */;
		};
/* End PBXTargetDependency section */

/* Begin PBXVariantGroup section */
		C6AC985B18F234F500CCF79C /* InfoPlist.strings */ = {
			isa = PBXVariantGroup;
			children = (
				C6AC985C18F234F500CCF79C /* en */,
			);
			name = InfoPlist.strings;
			sourceTree = "<group>";
		};
		C6AC987418F234F500CCF79C /* InfoPlist.strings */ = {
			isa = PBXVariantGroup;
			children = (
				C6AC987518F234F500CCF79C /* en */,
			);
			name = InfoPlist.strings;
			sourceTree = "<group>";
		};
/* End PBXVariantGroup section */

/* Begin XCBuildConfiguration section */
		C6AC987918F234F500CCF79C /* Debug */ = {
			isa = XCBuildConfiguration;
			buildSettings = {
				ALWAYS_SEARCH_USER_PATHS = NO;
				CLANG_CXX_LANGUAGE_STANDARD = "gnu++0x";
				CLANG_CXX_LIBRARY = "libc++";
				CLANG_ENABLE_MODULES = YES;
				CLANG_ENABLE_OBJC_ARC = YES;
				CLANG_WARN_BOOL_CONVERSION = YES;
				CLANG_WARN_CONSTANT_CONVERSION = YES;
				CLANG_WARN_DIRECT_OBJC_ISA_USAGE = YES_ERROR;
				CLANG_WARN_EMPTY_BODY = YES;
				CLANG_WARN_ENUM_CONVERSION = YES;
				CLANG_WARN_INT_CONVERSION = YES;
				CLANG_WARN_OBJC_ROOT_CLASS = YES_ERROR;
				CLANG_WARN__DUPLICATE_METHOD_MATCH = YES;
				"CODE_SIGN_IDENTITY[sdk=iphoneos*]" = "iPhone Developer";
				COPY_PHASE_STRIP = NO;
				GCC_C_LANGUAGE_STANDARD = gnu99;
				GCC_DYNAMIC_NO_PIC = NO;
				GCC_OPTIMIZATION_LEVEL = 0;
				GCC_PREPROCESSOR_DEFINITIONS = (
					"DEBUG=1",
					"$(inherited)",
				);
				GCC_SYMBOLS_PRIVATE_EXTERN = NO;
				GCC_WARN_64_TO_32_BIT_CONVERSION = YES;
				GCC_WARN_ABOUT_RETURN_TYPE = YES_ERROR;
				GCC_WARN_UNDECLARED_SELECTOR = YES;
				GCC_WARN_UNINITIALIZED_AUTOS = YES_AGGRESSIVE;
				GCC_WARN_UNUSED_FUNCTION = YES;
				GCC_WARN_UNUSED_VARIABLE = YES;
				IPHONEOS_DEPLOYMENT_TARGET = 7.1;
				ONLY_ACTIVE_ARCH = YES;
				SDKROOT = iphoneos;
				TARGETED_DEVICE_FAMILY = "1,2";
			};
			name = Debug;
		};
		C6AC987A18F234F500CCF79C /* Release */ = {
			isa = XCBuildConfiguration;
			buildSettings = {
				ALWAYS_SEARCH_USER_PATHS = NO;
				CLANG_CXX_LANGUAGE_STANDARD = "gnu++0x";
				CLANG_CXX_LIBRARY = "libc++";
				CLANG_ENABLE_MODULES = YES;
				CLANG_ENABLE_OBJC_ARC = YES;
				CLANG_WARN_BOOL_CONVERSION = YES;
				CLANG_WARN_CONSTANT_CONVERSION = YES;
				CLANG_WARN_DIRECT_OBJC_ISA_USAGE = YES_ERROR;
				CLANG_WARN_EMPTY_BODY = YES;
				CLANG_WARN_ENUM_CONVERSION = YES;
				CLANG_WARN_INT_CONVERSION = YES;
				CLANG_WARN_OBJC_ROOT_CLASS = YES_ERROR;
				CLANG_WARN__DUPLICATE_METHOD_MATCH = YES;
				"CODE_SIGN_IDENTITY[sdk=iphoneos*]" = "iPhone Developer";
				COPY_PHASE_STRIP = YES;
				ENABLE_NS_ASSERTIONS = NO;
				GCC_C_LANGUAGE_STANDARD = gnu99;
				GCC_WARN_64_TO_32_BIT_CONVERSION = YES;
				GCC_WARN_ABOUT_RETURN_TYPE = YES_ERROR;
				GCC_WARN_UNDECLARED_SELECTOR = YES;
				GCC_WARN_UNINITIALIZED_AUTOS = YES_AGGRESSIVE;
				GCC_WARN_UNUSED_FUNCTION = YES;
				GCC_WARN_UNUSED_VARIABLE = YES;
				IPHONEOS_DEPLOYMENT_TARGET = 7.1;
				SDKROOT = iphoneos;
				TARGETED_DEVICE_FAMILY = "1,2";
				VALIDATE_PRODUCT = YES;
			};
			name = Release;
		};
		C6AC987C18F234F500CCF79C /* Debug */ = {
			isa = XCBuildConfiguration;
			buildSettings = {
				ASSETCATALOG_COMPILER_APPICON_NAME = AppIcon;
				ASSETCATALOG_COMPILER_LAUNCHIMAGE_NAME = LaunchImage;
				GCC_PRECOMPILE_PREFIX_HEADER = YES;
				GCC_PREFIX_HEADER = "KIMREE/KIMREE-Prefix.pch";
				INFOPLIST_FILE = "KIMREE/KIMREE-Info.plist";
				IPHONEOS_DEPLOYMENT_TARGET = 6.0;
				PRODUCT_NAME = "$(TARGET_NAME)";
				WRAPPER_EXTENSION = app;
			};
			name = Debug;
		};
		C6AC987D18F234F500CCF79C /* Release */ = {
			isa = XCBuildConfiguration;
			buildSettings = {
				ASSETCATALOG_COMPILER_APPICON_NAME = AppIcon;
				ASSETCATALOG_COMPILER_LAUNCHIMAGE_NAME = LaunchImage;
				GCC_PRECOMPILE_PREFIX_HEADER = YES;
				GCC_PREFIX_HEADER = "KIMREE/KIMREE-Prefix.pch";
				INFOPLIST_FILE = "KIMREE/KIMREE-Info.plist";
				IPHONEOS_DEPLOYMENT_TARGET = 6.0;
				PRODUCT_NAME = "$(TARGET_NAME)";
				WRAPPER_EXTENSION = app;
			};
			name = Release;
		};
		C6AC987F18F234F500CCF79C /* Debug */ = {
			isa = XCBuildConfiguration;
			buildSettings = {
				BUNDLE_LOADER = "$(BUILT_PRODUCTS_DIR)/KIMREE.app/KIMREE";
				FRAMEWORK_SEARCH_PATHS = (
					"$(SDKROOT)/Developer/Library/Frameworks",
					"$(inherited)",
					"$(DEVELOPER_FRAMEWORKS_DIR)",
				);
				GCC_PRECOMPILE_PREFIX_HEADER = YES;
				GCC_PREFIX_HEADER = "KIMREE/KIMREE-Prefix.pch";
				GCC_PREPROCESSOR_DEFINITIONS = (
					"DEBUG=1",
					"$(inherited)",
				);
				INFOPLIST_FILE = "KIMREETests/KIMREETests-Info.plist";
				PRODUCT_NAME = "$(TARGET_NAME)";
				TEST_HOST = "$(BUNDLE_LOADER)";
				WRAPPER_EXTENSION = xctest;
			};
			name = Debug;
		};
		C6AC988018F234F500CCF79C /* Release */ = {
			isa = XCBuildConfiguration;
			buildSettings = {
				BUNDLE_LOADER = "$(BUILT_PRODUCTS_DIR)/KIMREE.app/KIMREE";
				FRAMEWORK_SEARCH_PATHS = (
					"$(SDKROOT)/Developer/Library/Frameworks",
					"$(inherited)",
					"$(DEVELOPER_FRAMEWORKS_DIR)",
				);
				GCC_PRECOMPILE_PREFIX_HEADER = YES;
				GCC_PREFIX_HEADER = "KIMREE/KIMREE-Prefix.pch";
				INFOPLIST_FILE = "KIMREETests/KIMREETests-Info.plist";
				PRODUCT_NAME = "$(TARGET_NAME)";
				TEST_HOST = "$(BUNDLE_LOADER)";
				WRAPPER_EXTENSION = xctest;
			};
			name = Release;
		};
/* End XCBuildConfiguration section */

/* Begin XCConfigurationList section */
		C6AC984A18F234F500CCF79C /* Build configuration list for PBXProject "KIMREE" */ = {
			isa = XCConfigurationList;
			buildConfigurations = (
				C6AC987918F234F500CCF79C /* Debug */,
				C6AC987A18F234F500CCF79C /* Release */,
			);
			defaultConfigurationIsVisible = 0;
			defaultConfigurationName = Release;
		};
		C6AC987B18F234F500CCF79C /* Build configuration list for PBXNativeTarget "KIMREE" */ = {
			isa = XCConfigurationList;
			buildConfigurations = (
				C6AC987C18F234F500CCF79C /* Debug */,
				C6AC987D18F234F500CCF79C /* Release */,
			);
			defaultConfigurationIsVisible = 0;
			defaultConfigurationName = Release;
		};
		C6AC987E18F234F500CCF79C /* Build configuration list for PBXNativeTarget "KIMREETests" */ = {
			isa = XCConfigurationList;
			buildConfigurations = (
				C6AC987F18F234F500CCF79C /* Debug */,
				C6AC988018F234F500CCF79C /* Release */,
			);
			defaultConfigurationIsVisible = 0;
			defaultConfigurationName = Release;
		};
/* End XCConfigurationList section */
	};
	rootObject = C6AC984718F234F500CCF79C /* Project object */;
}
